
Microsoft Visual Studio Solution File, Format Version 12.00
# Visual Studio Version 16
VisualStudioVersion = 16.0.31313.79
MinimumVisualStudioVersion = 10.0.40219.1
Project("{FAE04EC0-301F-11D3-BF4B-00C04F79EFBC}") = "abc", "abc\abc.csproj", "{29C107CE-3806-4162-A9D6-513EB498A036}"
EndProject
Global
	GlobalSection(SolutionConfigurationPlatforms) = preSolution
		Debug|Any CPU = Debug|Any CPU
		Release|Any CPU = Release|Any CPU
	EndGlobalSection
	GlobalSection(ProjectConfigurationPlatforms) = postSolution
		{29C107CE-3806-4162-A9D6-513EB498A036}.Debug|Any CPU.ActiveCfg = Debug|Any CPU
		{29C107CE-3806-4162-A9D6-513EB498A036}.Debug|Any CPU.Build.0 = Debug|Any CPU
		{29C107CE-3806-4162-A9D6-513EB498A036}.Release|Any CPU.ActiveCfg = Release|Any CPU
		{29C107CE-3806-4162-A9D6-513EB498A036}.Release|Any CPU.Build.0 = Release|Any CPU
	EndGlobalSection
	GlobalSection(SolutionProperties) = preSolution
		HideSolutionNode = FALSE
	EndGlobalSection
	GlobalSection(ExtensibilityGlobals) = postSolution
		SolutionGuid = {5EC14F73-20DE-4B88-A7B4-E73C8AC1E6F2}
	EndGlobalSection
EndGlobal
